
Microsoft Visual Studio Solution File, Format Version 12.00
# Visual Studio Version 16
VisualStudioVersion = 16.0.34902.97
MinimumVisualStudioVersion = 10.0.40219.1
Project("{F184B08F-C81C-45F6-A57F-5ABD9991F28F}") = "QuanLyThuVien", "QuanLyThuVien\QuanLyThuVien.vbproj", "{70C7D125-EFB5-492E-9AFA-07FB9442923F}"
EndProject
Global
	GlobalSection(SolutionConfigurationPlatforms) = preSolution
		Debug|Any CPU = Debug|Any CPU
		Release|Any CPU = Release|Any CPU
	EndGlobalSection
	GlobalSection(ProjectConfigurationPlatforms) = postSolution
		{70C7D125-EFB5-492E-9AFA-07FB9442923F}.Debug|Any CPU.ActiveCfg = Debug|Any CPU
		{70C7D125-EFB5-492E-9AFA-07FB9442923F}.Debug|Any CPU.Build.0 = Debug|Any CPU
		{70C7D125-EFB5-492E-9AFA-07FB9442923F}.Release|Any CPU.ActiveCfg = Release|Any CPU
		{70C7D125-EFB5-492E-9AFA-07FB9442923F}.Release|Any CPU.Build.0 = Release|Any CPU
	EndGlobalSection
	GlobalSection(SolutionProperties) = preSolution
		HideSolutionNode = FALSE
	EndGlobalSection
	GlobalSection(ExtensibilityGlobals) = postSolution
		SolutionGuid = {BAFCFC80-C932-4D53-BA68-79779B47D791}
	EndGlobalSection
EndGlobal
